
Microsoft Visual Studio Solution File, Format Version 12.00
# Visual Studio Version 16
VisualStudioVersion = 16.0.32106.194
MinimumVisualStudioVersion = 10.0.40219.1
Project("{FAE04EC0-301F-11D3-BF4B-00C04F79EFBC}") = "Testingggg", "Testingggg\Testingggg.csproj", "{F6454E2D-0C70-4D4B-BF55-B77426D5EB29}"
EndProject
Global
	GlobalSection(SolutionConfigurationPlatforms) = preSolution
		Debug|Any CPU = Debug|Any CPU
		Release|Any CPU = Release|Any CPU
	EndGlobalSection
	GlobalSection(ProjectConfigurationPlatforms) = postSolution
		{F6454E2D-0C70-4D4B-BF55-B77426D5EB29}.Debug|Any CPU.ActiveCfg = Debug|Any CPU
		{F6454E2D-0C70-4D4B-BF55-B77426D5EB29}.Debug|Any CPU.Build.0 = Debug|Any CPU
		{F6454E2D-0C70-4D4B-BF55-B77426D5EB29}.Release|Any CPU.ActiveCfg = Release|Any CPU
		{F6454E2D-0C70-4D4B-BF55-B77426D5EB29}.Release|Any CPU.Build.0 = Release|Any CPU
	EndGlobalSection
	GlobalSection(SolutionProperties) = preSolution
		HideSolutionNode = FALSE
	EndGlobalSection
	GlobalSection(ExtensibilityGlobals) = postSolution
		SolutionGuid = {D2C4B18E-B955-42A4-935E-AF1885BE8414}
	EndGlobalSection
EndGlobal
